
Microsoft Visual Studio Solution File, Format Version 12.00
# Visual Studio Version 16
VisualStudioVersion = 16.0.30001.183
MinimumVisualStudioVersion = 10.0.40219.1
Project("{FAE04EC0-301F-11D3-BF4B-00C04F79EFBC}") = "Instagram.Server", "Instagram.Server\Instagram.Server.csproj", "{559A90DD-9EAF-4843-9AA7-7079814EFC33}"
EndProject
Global
	GlobalSection(SolutionConfigurationPlatforms) = preSolution
		Debug|Any CPU = Debug|Any CPU
		Release|Any CPU = Release|Any CPU
	EndGlobalSection
	GlobalSection(ProjectConfigurationPlatforms) = postSolution
		{559A90DD-9EAF-4843-9AA7-7079814EFC33}.Debug|Any CPU.ActiveCfg = Debug|Any CPU
		{559A90DD-9EAF-4843-9AA7-7079814EFC33}.Debug|Any CPU.Build.0 = Debug|Any CPU
		{559A90DD-9EAF-4843-9AA7-7079814EFC33}.Release|Any CPU.ActiveCfg = Release|Any CPU
		{559A90DD-9EAF-4843-9AA7-7079814EFC33}.Release|Any CPU.Build.0 = Release|Any CPU
	EndGlobalSection
	GlobalSection(SolutionProperties) = preSolution
		HideSolutionNode = FALSE
	EndGlobalSection
	GlobalSection(ExtensibilityGlobals) = postSolution
		SolutionGuid = {AB037FE6-E532-4ABD-B293-26B445366D9D}
	EndGlobalSection
EndGlobal
